// !$*UTF8*$!
{
	archiveVersion = 1;
	classes = {
	};
	objectVersion = 50;
	objects = {

/* Begin PBXBuildFile section */
		6107677B2105768800C4BFF6 /* AppDelegate.m in Sources */ = {isa = PBXBuildFile; fileRef = 6107677A2105768800C4BFF6 /* AppDelegate.m */; };
		6107677E2105768800C4BFF6 /* ViewController.m in Sources */ = {isa = PBXBuildFile; fileRef = 6107677D2105768800C4BFF6 /* ViewController.m */; };
		610767812105768800C4BFF6 /* Main.storyboard in Resources */ = {isa = PBXBuildFile; fileRef = 6107677F2105768800C4BFF6 /* Main.storyboard */; };
		610767832105768900C4BFF6 /* Assets.xcassets in Resources */ = {isa = PBXBuildFile; fileRef = 610767822105768900C4BFF6 /* Assets.xcassets */; };
		610767862105768900C4BFF6 /* LaunchScreen.storyboard in Resources */ = {isa = PBXBuildFile; fileRef = 610767842105768900C4BFF6 /* LaunchScreen.storyboard */; };
		610767892105768900C4BFF6 /* main.m in Sources */ = {isa = PBXBuildFile; fileRef = 610767882105768900C4BFF6 /* main.m */; };
		61076791210576B400C4BFF6 /* UserInfoManager.m in Sources */ = {isa = PBXBuildFile; fileRef = 61076790210576B400C4BFF6 /* UserInfoManager.m */; };
		610767942105AAF300C4BFF6 /* UserManager.m in Sources */ = {isa = PBXBuildFile; fileRef = 610767932105AAF300C4BFF6 /* UserManager.m */; };
		6107686421099BC100C4BFF6 /* UIDevice+WHDevice.m in Sources */ = {isa = PBXBuildFile; fileRef = 6107682F21099BC100C4BFF6 /* UIDevice+WHDevice.m */; };
		6107686521099BC100C4BFF6 /* CALayer+WHLayer.m in Sources */ = {isa = PBXBuildFile; fileRef = 6107683121099BC100C4BFF6 /* CALayer+WHLayer.m */; };
		6107686621099BC100C4BFF6 /* NSString+WHString.m in Sources */ = {isa = PBXBuildFile; fileRef = 6107683321099BC100C4BFF6 /* NSString+WHString.m */; };
		6107686721099BC100C4BFF6 /* NSNumber+WHNumber.m in Sources */ = {isa = PBXBuildFile; fileRef = 6107683421099BC100C4BFF6 /* NSNumber+WHNumber.m */; };
		6107686821099BC100C4BFF6 /* NSObject+WHObject.m in Sources */ = {isa = PBXBuildFile; fileRef = 6107683521099BC100C4BFF6 /* NSObject+WHObject.m */; };
		6107686921099BC100C4BFF6 /* UIAlertController+WHAlert.m in Sources */ = {isa = PBXBuildFile; fileRef = 6107683C21099BC100C4BFF6 /* UIAlertController+WHAlert.m */; };
		6107686A21099BC100C4BFF6 /* UILabel+WHLabel.m in Sources */ = {isa = PBXBuildFile; fileRef = 6107683D21099BC100C4BFF6 /* UILabel+WHLabel.m */; };
		6107686B21099BC100C4BFF6 /* Foundation+Safe.m in Sources */ = {isa = PBXBuildFile; fileRef = 6107684021099BC100C4BFF6 /* Foundation+Safe.m */; };
		6107686C21099BC100C4BFF6 /* NSDictionary+WHDictionary.m in Sources */ = {isa = PBXBuildFile; fileRef = 6107684121099BC100C4BFF6 /* NSDictionary+WHDictionary.m */; };
		6107686D21099BC100C4BFF6 /* WHMethods.m in Sources */ = {isa = PBXBuildFile; fileRef = 6107684321099BC100C4BFF6 /* WHMethods.m */; };
		6107686E21099BC100C4BFF6 /* UIView+WHView.m in Sources */ = {isa = PBXBuildFile; fileRef = 6107684421099BC100C4BFF6 /* UIView+WHView.m */; };
		6107686F21099BC100C4BFF6 /* UIImageView+WHImageView.m in Sources */ = {isa = PBXBuildFile; fileRef = 6107684521099BC100C4BFF6 /* UIImageView+WHImageView.m */; };
		6107687021099BC100C4BFF6 /* UIBarButtonItem+WHBarButtonItem.m in Sources */ = {isa = PBXBuildFile; fileRef = 6107684621099BC100C4BFF6 /* UIBarButtonItem+WHBarButtonItem.m */; };
		6107687121099BC100C4BFF6 /* UIImage+WHImage.m in Sources */ = {isa = PBXBuildFile; fileRef = 6107684821099BC100C4BFF6 /* UIImage+WHImage.m */; };
		6107687221099BC100C4BFF6 /* NSDate+WHDate.m in Sources */ = {isa = PBXBuildFile; fileRef = 6107684B21099BC100C4BFF6 /* NSDate+WHDate.m */; };
		6107687321099BC100C4BFF6 /* NSArray+WHArray.m in Sources */ = {isa = PBXBuildFile; fileRef = 6107684D21099BC100C4BFF6 /* NSArray+WHArray.m */; };
		6107687421099BC100C4BFF6 /* NSObject+WHRuntime.m in Sources */ = {isa = PBXBuildFile; fileRef = 6107684F21099BC100C4BFF6 /* NSObject+WHRuntime.m */; };
		6107687521099BC100C4BFF6 /* UIColor+WHColor.m in Sources */ = {isa = PBXBuildFile; fileRef = 6107685021099BC100C4BFF6 /* UIColor+WHColor.m */; };
		6107687621099BC100C4BFF6 /* UINavigationController+WHNavigationController.m in Sources */ = {isa = PBXBuildFile; fileRef = 6107685121099BC100C4BFF6 /* UINavigationController+WHNavigationController.m */; };
		6107687721099BC100C4BFF6 /* UITableView+WHTableView.m in Sources */ = {isa = PBXBuildFile; fileRef = 6107685221099BC100C4BFF6 /* UITableView+WHTableView.m */; };
		6107687821099BC100C4BFF6 /* UIButton+WHButton.m in Sources */ = {isa = PBXBuildFile; fileRef = 6107685321099BC100C4BFF6 /* UIButton+WHButton.m */; };
		6107687921099BC100C4BFF6 /* UIScrollView+WHScrollView.m in Sources */ = {isa = PBXBuildFile; fileRef = 6107685421099BC100C4BFF6 /* UIScrollView+WHScrollView.m */; };
		6107687A21099BC100C4BFF6 /* NSFileManager+WHFileManager.m in Sources */ = {isa = PBXBuildFile; fileRef = 6107685A21099BC100C4BFF6 /* NSFileManager+WHFileManager.m */; };
		6107687B21099BC100C4BFF6 /* NSTimer+WHTimer.m in Sources */ = {isa = PBXBuildFile; fileRef = 6107685B21099BC100C4BFF6 /* NSTimer+WHTimer.m */; };
		6107687C21099BC100C4BFF6 /* UIViewController+WHVC.m in Sources */ = {isa = PBXBuildFile; fileRef = 6107685E21099BC100C4BFF6 /* UIViewController+WHVC.m */; };
/* End PBXBuildFile section */

/* Begin PBXFileReference section */
		610767762105768800C4BFF6 /* UserInfo.app */ = {isa = PBXFileReference; explicitFileType = wrapper.application; includeInIndex = 0; path = UserInfo.app; sourceTree = BUILT_PRODUCTS_DIR; };
		610767792105768800C4BFF6 /* AppDelegate.h */ = {isa = PBXFileReference; lastKnownFileType = sourcecode.c.h; path = AppDelegate.h; sourceTree = "<group>"; };
		6107677A2105768800C4BFF6 /* AppDelegate.m */ = {isa = PBXFileReference; lastKnownFileType = sourcecode.c.objc; path = AppDelegate.m; sourceTree = "<group>"; };
		6107677C2105768800C4BFF6 /* ViewController.h */ = {isa = PBXFileReference; lastKnownFileType = sourcecode.c.h; path = ViewController.h; sourceTree = "<group>"; };
		6107677D2105768800C4BFF6 /* ViewController.m */ = {isa = PBXFileReference; lastKnownFileType = sourcecode.c.objc; path = ViewController.m; sourceTree = "<group>"; };
		610767802105768800C4BFF6 /* Base */ = {isa = PBXFileReference; lastKnownFileType = file.storyboard; name = Base; path = Base.lproj/Main.storyboard; sourceTree = "<group>"; };
		610767822105768900C4BFF6 /* Assets.xcassets */ = {isa = PBXFileReference; lastKnownFileType = folder.assetcatalog; path = Assets.xcassets; sourceTree = "<group>"; };
		610767852105768900C4BFF6 /* Base */ = {isa = PBXFileReference; lastKnownFileType = file.storyboard; name = Base; path = Base.lproj/LaunchScreen.storyboard; sourceTree = "<group>"; };
		610767872105768900C4BFF6 /* Info.plist */ = {isa = PBXFileReference; lastKnownFileType = text.plist.xml; path = Info.plist; sourceTree = "<group>"; };
		610767882105768900C4BFF6 /* main.m */ = {isa = PBXFileReference; lastKnownFileType = sourcecode.c.objc; path = main.m; sourceTree = "<group>"; };
		6107678F210576B400C4BFF6 /* UserInfoManager.h */ = {isa = PBXFileReference; lastKnownFileType = sourcecode.c.h; path = UserInfoManager.h; sourceTree = "<group>"; };
		61076790210576B400C4BFF6 /* UserInfoManager.m */ = {isa = PBXFileReference; lastKnownFileType = sourcecode.c.objc; path = UserInfoManager.m; sourceTree = "<group>"; };
		610767922105AAF300C4BFF6 /* UserManager.h */ = {isa = PBXFileReference; lastKnownFileType = sourcecode.c.h; path = UserManager.h; sourceTree = "<group>"; };
		610767932105AAF300C4BFF6 /* UserManager.m */ = {isa = PBXFileReference; lastKnownFileType = sourcecode.c.objc; path = UserManager.m; sourceTree = "<group>"; };
		6107682E21099BC100C4BFF6 /* NSArray+WHArray.h */ = {isa = PBXFileReference; fileEncoding = 4; lastKnownFileType = sourcecode.c.h; path = "NSArray+WHArray.h"; sourceTree = "<group>"; };
		6107682F21099BC100C4BFF6 /* UIDevice+WHDevice.m */ = {isa = PBXFileReference; fileEncoding = 4; lastKnownFileType = sourcecode.c.objc; path = "UIDevice+WHDevice.m"; sourceTree = "<group>"; };
		6107683021099BC100C4BFF6 /* NSDate+WHDate.h */ = {isa = PBXFileReference; fileEncoding = 4; lastKnownFileType = sourcecode.c.h; path = "NSDate+WHDate.h"; sourceTree = "<group>"; };
		6107683121099BC100C4BFF6 /* CALayer+WHLayer.m */ = {isa = PBXFileReference; fileEncoding = 4; lastKnownFileType = sourcecode.c.objc; path = "CALayer+WHLayer.m"; sourceTree = "<group>"; };
		6107683221099BC100C4BFF6 /* UIImage+WHImage.h */ = {isa = PBXFileReference; fileEncoding = 4; lastKnownFileType = sourcecode.c.h; path = "UIImage+WHImage.h"; sourceTree = "<group>"; };
		6107683321099BC100C4BFF6 /* NSString+WHString.m */ = {isa = PBXFileReference; fileEncoding = 4; lastKnownFileType = sourcecode.c.objc; path = "NSString+WHString.m"; sourceTree = "<group>"; };
		6107683421099BC100C4BFF6 /* NSNumber+WHNumber.m */ = {isa = PBXFileReference; fileEncoding = 4; lastKnownFileType = sourcecode.c.objc; path = "NSNumber+WHNumber.m"; sourceTree = "<group>"; };
		6107683521099BC100C4BFF6 /* NSObject+WHObject.m */ = {isa = PBXFileReference; fileEncoding = 4; lastKnownFileType = sourcecode.c.objc; path = "NSObject+WHObject.m"; sourceTree = "<group>"; };
		6107683621099BC100C4BFF6 /* UIScrollView+WHScrollView.h */ = {isa = PBXFileReference; fileEncoding = 4; lastKnownFileType = sourcecode.c.h; path = "UIScrollView+WHScrollView.h"; sourceTree = "<group>"; };
		6107683721099BC100C4BFF6 /* UIButton+WHButton.h */ = {isa = PBXFileReference; fileEncoding = 4; lastKnownFileType = sourcecode.c.h; path = "UIButton+WHButton.h"; sourceTree = "<group>"; };
		6107683821099BC100C4BFF6 /* UITableView+WHTableView.h */ = {isa = PBXFileReference; fileEncoding = 4; lastKnownFileType = sourcecode.c.h; path = "UITableView+WHTableView.h"; sourceTree = "<group>"; };
		6107683921099BC100C4BFF6 /* UINavigationController+WHNavigationController.h */ = {isa = PBXFileReference; fileEncoding = 4; lastKnownFileType = sourcecode.c.h; path = "UINavigationController+WHNavigationController.h"; sourceTree = "<group>"; };
		6107683A21099BC100C4BFF6 /* UIColor+WHColor.h */ = {isa = PBXFileReference; fileEncoding = 4; lastKnownFileType = sourcecode.c.h; path = "UIColor+WHColor.h"; sourceTree = "<group>"; };
		6107683B21099BC100C4BFF6 /* NSObject+WHRuntime.h */ = {isa = PBXFileReference; fileEncoding = 4; lastKnownFileType = sourcecode.c.h; path = "NSObject+WHRuntime.h"; sourceTree = "<group>"; };
		6107683C21099BC100C4BFF6 /* UIAlertController+WHAlert.m */ = {isa = PBXFileReference; fileEncoding = 4; lastKnownFileType = sourcecode.c.objc; path = "UIAlertController+WHAlert.m"; sourceTree = "<group>"; };
		6107683D21099BC100C4BFF6 /* UILabel+WHLabel.m */ = {isa = PBXFileReference; fileEncoding = 4; lastKnownFileType = sourcecode.c.objc; path = "UILabel+WHLabel.m"; sourceTree = "<group>"; };
		6107683E21099BC100C4BFF6 /* NSTimer+WHTimer.h */ = {isa = PBXFileReference; fileEncoding = 4; lastKnownFileType = sourcecode.c.h; path = "NSTimer+WHTimer.h"; sourceTree = "<group>"; };
		6107683F21099BC100C4BFF6 /* NSFileManager+WHFileManager.h */ = {isa = PBXFileReference; fileEncoding = 4; lastKnownFileType = sourcecode.c.h; path = "NSFileManager+WHFileManager.h"; sourceTree = "<group>"; };
		6107684021099BC100C4BFF6 /* Foundation+Safe.m */ = {isa = PBXFileReference; fileEncoding = 4; lastKnownFileType = sourcecode.c.objc; path = "Foundation+Safe.m"; sourceTree = "<group>"; };
		6107684121099BC100C4BFF6 /* NSDictionary+WHDictionary.m */ = {isa = PBXFileReference; fileEncoding = 4; lastKnownFileType = sourcecode.c.objc; path = "NSDictionary+WHDictionary.m"; sourceTree = "<group>"; };
		6107684221099BC100C4BFF6 /* SerializeKit.h */ = {isa = PBXFileReference; fileEncoding = 4; lastKnownFileType = sourcecode.c.h; path = SerializeKit.h; sourceTree = "<group>"; };
		6107684321099BC100C4BFF6 /* WHMethods.m */ = {isa = PBXFileReference; fileEncoding = 4; lastKnownFileType = sourcecode.c.objc; path = WHMethods.m; sourceTree = "<group>"; };
		6107684421099BC100C4BFF6 /* UIView+WHView.m */ = {isa = PBXFileReference; fileEncoding = 4; lastKnownFileType = sourcecode.c.objc; path = "UIView+WHView.m"; sourceTree = "<group>"; };
		6107684521099BC100C4BFF6 /* UIImageView+WHImageView.m */ = {isa = PBXFileReference; fileEncoding = 4; lastKnownFileType = sourcecode.c.objc; path = "UIImageView+WHImageView.m"; sourceTree = "<group>"; };
		6107684621099BC100C4BFF6 /* UIBarButtonItem+WHBarButtonItem.m */ = {isa = PBXFileReference; fileEncoding = 4; lastKnownFileType = sourcecode.c.objc; path = "UIBarButtonItem+WHBarButtonItem.m"; sourceTree = "<group>"; };
		6107684721099BC100C4BFF6 /* UIViewController+WHVC.h */ = {isa = PBXFileReference; fileEncoding = 4; lastKnownFileType = sourcecode.c.h; path = "UIViewController+WHVC.h"; sourceTree = "<group>"; };
		6107684821099BC100C4BFF6 /* UIImage+WHImage.m */ = {isa = PBXFileReference; fileEncoding = 4; lastKnownFileType = sourcecode.c.objc; path = "UIImage+WHImage.m"; sourceTree = "<group>"; };
		6107684921099BC100C4BFF6 /* WHSingleton.h */ = {isa = PBXFileReference; fileEncoding = 4; lastKnownFileType = sourcecode.c.h; path = WHSingleton.h; sourceTree = "<group>"; };
		6107684A21099BC100C4BFF6 /* CALayer+WHLayer.h */ = {isa = PBXFileReference; fileEncoding = 4; lastKnownFileType = sourcecode.c.h; path = "CALayer+WHLayer.h"; sourceTree = "<group>"; };
		6107684B21099BC100C4BFF6 /* NSDate+WHDate.m */ = {isa = PBXFileReference; fileEncoding = 4; lastKnownFileType = sourcecode.c.objc; path = "NSDate+WHDate.m"; sourceTree = "<group>"; };
		6107684C21099BC100C4BFF6 /* UIDevice+WHDevice.h */ = {isa = PBXFileReference; fileEncoding = 4; lastKnownFileType = sourcecode.c.h; path = "UIDevice+WHDevice.h"; sourceTree = "<group>"; };
		6107684D21099BC100C4BFF6 /* NSArray+WHArray.m */ = {isa = PBXFileReference; fileEncoding = 4; lastKnownFileType = sourcecode.c.objc; path = "NSArray+WHArray.m"; sourceTree = "<group>"; };
		6107684E21099BC100C4BFF6 /* UIAlertController+WHAlert.h */ = {isa = PBXFileReference; fileEncoding = 4; lastKnownFileType = sourcecode.c.h; path = "UIAlertController+WHAlert.h"; sourceTree = "<group>"; };
		6107684F21099BC100C4BFF6 /* NSObject+WHRuntime.m */ = {isa = PBXFileReference; fileEncoding = 4; lastKnownFileType = sourcecode.c.objc; path = "NSObject+WHRuntime.m"; sourceTree = "<group>"; };
		6107685021099BC100C4BFF6 /* UIColor+WHColor.m */ = {isa = PBXFileReference; fileEncoding = 4; lastKnownFileType = sourcecode.c.objc; path = "UIColor+WHColor.m"; sourceTree = "<group>"; };
		6107685121099BC100C4BFF6 /* UINavigationController+WHNavigationController.m */ = {isa = PBXFileReference; fileEncoding = 4; lastKnownFileType = sourcecode.c.objc; path = "UINavigationController+WHNavigationController.m"; sourceTree = "<group>"; };
		6107685221099BC100C4BFF6 /* UITableView+WHTableView.m */ = {isa = PBXFileReference; fileEncoding = 4; lastKnownFileType = sourcecode.c.objc; path = "UITableView+WHTableView.m"; sourceTree = "<group>"; };
		6107685321099BC100C4BFF6 /* UIButton+WHButton.m */ = {isa = PBXFileReference; fileEncoding = 4; lastKnownFileType = sourcecode.c.objc; path = "UIButton+WHButton.m"; sourceTree = "<group>"; };
		6107685421099BC100C4BFF6 /* UIScrollView+WHScrollView.m */ = {isa = PBXFileReference; fileEncoding = 4; lastKnownFileType = sourcecode.c.objc; path = "UIScrollView+WHScrollView.m"; sourceTree = "<group>"; };
		6107685521099BC100C4BFF6 /* NSObject+WHObject.h */ = {isa = PBXFileReference; fileEncoding = 4; lastKnownFileType = sourcecode.c.h; path = "NSObject+WHObject.h"; sourceTree = "<group>"; };
		6107685621099BC100C4BFF6 /* NSNumber+WHNumber.h */ = {isa = PBXFileReference; fileEncoding = 4; lastKnownFileType = sourcecode.c.h; path = "NSNumber+WHNumber.h"; sourceTree = "<group>"; };
		6107685721099BC100C4BFF6 /* NSString+WHString.h */ = {isa = PBXFileReference; fileEncoding = 4; lastKnownFileType = sourcecode.c.h; path = "NSString+WHString.h"; sourceTree = "<group>"; };
		6107685821099BC100C4BFF6 /* WHKit.h */ = {isa = PBXFileReference; fileEncoding = 4; lastKnownFileType = sourcecode.c.h; path = WHKit.h; sourceTree = "<group>"; };
		6107685921099BC100C4BFF6 /* Foundation+Safe.h */ = {isa = PBXFileReference; fileEncoding = 4; lastKnownFileType = sourcecode.c.h; path = "Foundation+Safe.h"; sourceTree = "<group>"; };
		6107685A21099BC100C4BFF6 /* NSFileManager+WHFileManager.m */ = {isa = PBXFileReference; fileEncoding = 4; lastKnownFileType = sourcecode.c.objc; path = "NSFileManager+WHFileManager.m"; sourceTree = "<group>"; };
		6107685B21099BC100C4BFF6 /* NSTimer+WHTimer.m */ = {isa = PBXFileReference; fileEncoding = 4; lastKnownFileType = sourcecode.c.objc; path = "NSTimer+WHTimer.m"; sourceTree = "<group>"; };
		6107685C21099BC100C4BFF6 /* UILabel+WHLabel.h */ = {isa = PBXFileReference; fileEncoding = 4; lastKnownFileType = sourcecode.c.h; path = "UILabel+WHLabel.h"; sourceTree = "<group>"; };
		6107685D21099BC100C4BFF6 /* UIBarButtonItem+WHBarButtonItem.h */ = {isa = PBXFileReference; fileEncoding = 4; lastKnownFileType = sourcecode.c.h; path = "UIBarButtonItem+WHBarButtonItem.h"; sourceTree = "<group>"; };
		6107685E21099BC100C4BFF6 /* UIViewController+WHVC.m */ = {isa = PBXFileReference; fileEncoding = 4; lastKnownFileType = sourcecode.c.objc; path = "UIViewController+WHVC.m"; sourceTree = "<group>"; };
		6107685F21099BC100C4BFF6 /* WHMethods.h */ = {isa = PBXFileReference; fileEncoding = 4; lastKnownFileType = sourcecode.c.h; path = WHMethods.h; sourceTree = "<group>"; };
		6107686021099BC100C4BFF6 /* UIView+WHView.h */ = {isa = PBXFileReference; fileEncoding = 4; lastKnownFileType = sourcecode.c.h; path = "UIView+WHView.h"; sourceTree = "<group>"; };
		6107686121099BC100C4BFF6 /* UIImageView+WHImageView.h */ = {isa = PBXFileReference; fileEncoding = 4; lastKnownFileType = sourcecode.c.h; path = "UIImageView+WHImageView.h"; sourceTree = "<group>"; };
		6107686221099BC100C4BFF6 /* WHMacro.h */ = {isa = PBXFileReference; fileEncoding = 4; lastKnownFileType = sourcecode.c.h; path = WHMacro.h; sourceTree = "<group>"; };
		6107686321099BC100C4BFF6 /* NSDictionary+WHDictionary.h */ = {isa = PBXFileReference; fileEncoding = 4; lastKnownFileType = sourcecode.c.h; path = "NSDictionary+WHDictionary.h"; sourceTree = "<group>"; };
/* End PBXFileReference section */

/* Begin PBXFrameworksBuildPhase section */
		610767732105768800C4BFF6 /* Frameworks */ = {
			isa = PBXFrameworksBuildPhase;
			buildActionMask = 2147483647;
			files = (
			);
			runOnlyForDeploymentPostprocessing = 0;
		};
/* End PBXFrameworksBuildPhase section */

/* Begin PBXGroup section */
		6107676D2105768800C4BFF6 = {
			isa = PBXGroup;
			children = (
				610767782105768800C4BFF6 /* UserInfo */,
				610767772105768800C4BFF6 /* Products */,
			);
			sourceTree = "<group>";
		};
		610767772105768800C4BFF6 /* Products */ = {
			isa = PBXGroup;
			children = (
				610767762105768800C4BFF6 /* UserInfo.app */,
			);
			name = Products;
			sourceTree = "<group>";
		};
		610767782105768800C4BFF6 /* UserInfo */ = {
			isa = PBXGroup;
			children = (
				6107682D21099BC100C4BFF6 /* WHKit */,
				610767792105768800C4BFF6 /* AppDelegate.h */,
				6107677A2105768800C4BFF6 /* AppDelegate.m */,
				6107677C2105768800C4BFF6 /* ViewController.h */,
				6107677D2105768800C4BFF6 /* ViewController.m */,
				6107678F210576B400C4BFF6 /* UserInfoManager.h */,
				61076790210576B400C4BFF6 /* UserInfoManager.m */,
				610767922105AAF300C4BFF6 /* UserManager.h */,
				610767932105AAF300C4BFF6 /* UserManager.m */,
				6107677F2105768800C4BFF6 /* Main.storyboard */,
				610767822105768900C4BFF6 /* Assets.xcassets */,
				610767842105768900C4BFF6 /* LaunchScreen.storyboard */,
				610767872105768900C4BFF6 /* Info.plist */,
				610767882105768900C4BFF6 /* main.m */,
			);
			path = UserInfo;
			sourceTree = "<group>";
		};
		6107682D21099BC100C4BFF6 /* WHKit */ = {
			isa = PBXGroup;
			children = (
				6107682E21099BC100C4BFF6 /* NSArray+WHArray.h */,
				6107682F21099BC100C4BFF6 /* UIDevice+WHDevice.m */,
				6107683021099BC100C4BFF6 /* NSDate+WHDate.h */,
				6107683121099BC100C4BFF6 /* CALayer+WHLayer.m */,
				6107683221099BC100C4BFF6 /* UIImage+WHImage.h */,
				6107683321099BC100C4BFF6 /* NSString+WHString.m */,
				6107683421099BC100C4BFF6 /* NSNumber+WHNumber.m */,
				6107683521099BC100C4BFF6 /* NSObject+WHObject.m */,
				6107683621099BC100C4BFF6 /* UIScrollView+WHScrollView.h */,
				6107683721099BC100C4BFF6 /* UIButton+WHButton.h */,
				6107683821099BC100C4BFF6 /* UITableView+WHTableView.h */,
				6107683921099BC100C4BFF6 /* UINavigationController+WHNavigationController.h */,
				6107683A21099BC100C4BFF6 /* UIColor+WHColor.h */,
				6107683B21099BC100C4BFF6 /* NSObject+WHRuntime.h */,
				6107683C21099BC100C4BFF6 /* UIAlertController+WHAlert.m */,
				6107683D21099BC100C4BFF6 /* UILabel+WHLabel.m */,
				6107683E21099BC100C4BFF6 /* NSTimer+WHTimer.h */,
				6107683F21099BC100C4BFF6 /* NSFileManager+WHFileManager.h */,
				6107684021099BC100C4BFF6 /* Foundation+Safe.m */,
				6107684121099BC100C4BFF6 /* NSDictionary+WHDictionary.m */,
				6107684221099BC100C4BFF6 /* SerializeKit.h */,
				6107684321099BC100C4BFF6 /* WHMethods.m */,
				6107684421099BC100C4BFF6 /* UIView+WHView.m */,
				6107684521099BC100C4BFF6 /* UIImageView+WHImageView.m */,
				6107684621099BC100C4BFF6 /* UIBarButtonItem+WHBarButtonItem.m */,
				6107684721099BC100C4BFF6 /* UIViewController+WHVC.h */,
				6107684821099BC100C4BFF6 /* UIImage+WHImage.m */,
				6107684921099BC100C4BFF6 /* WHSingleton.h */,
				6107684A21099BC100C4BFF6 /* CALayer+WHLayer.h */,
				6107684B21099BC100C4BFF6 /* NSDate+WHDate.m */,
				6107684C21099BC100C4BFF6 /* UIDevice+WHDevice.h */,
				6107684D21099BC100C4BFF6 /* NSArray+WHArray.m */,
				6107684E21099BC100C4BFF6 /* UIAlertController+WHAlert.h */,
				6107684F21099BC100C4BFF6 /* NSObject+WHRuntime.m */,
				6107685021099BC100C4BFF6 /* UIColor+WHColor.m */,
				6107685121099BC100C4BFF6 /* UINavigationController+WHNavigationController.m */,
				6107685221099BC100C4BFF6 /* UITableView+WHTableView.m */,
				6107685321099BC100C4BFF6 /* UIButton+WHButton.m */,
				6107685421099BC100C4BFF6 /* UIScrollView+WHScrollView.m */,
				6107685521099BC100C4BFF6 /* NSObject+WHObject.h */,
				6107685621099BC100C4BFF6 /* NSNumber+WHNumber.h */,
				6107685721099BC100C4BFF6 /* NSString+WHString.h */,
				6107685821099BC100C4BFF6 /* WHKit.h */,
				6107685921099BC100C4BFF6 /* Foundation+Safe.h */,
				6107685A21099BC100C4BFF6 /* NSFileManager+WHFileManager.m */,
				6107685B21099BC100C4BFF6 /* NSTimer+WHTimer.m */,
				6107685C21099BC100C4BFF6 /* UILabel+WHLabel.h */,
				6107685D21099BC100C4BFF6 /* UIBarButtonItem+WHBarButtonItem.h */,
				6107685E21099BC100C4BFF6 /* UIViewController+WHVC.m */,
				6107685F21099BC100C4BFF6 /* WHMethods.h */,
				6107686021099BC100C4BFF6 /* UIView+WHView.h */,
				6107686121099BC100C4BFF6 /* UIImageView+WHImageView.h */,
				6107686221099BC100C4BFF6 /* WHMacro.h */,
				6107686321099BC100C4BFF6 /* NSDictionary+WHDictionary.h */,
			);
			path = WHKit;
			sourceTree = "<group>";
		};
/* End PBXGroup section */

/* Begin PBXNativeTarget section */
		610767752105768800C4BFF6 /* UserInfo */ = {
			isa = PBXNativeTarget;
			buildConfigurationList = 6107678C2105768900C4BFF6 /* Build configuration list for PBXNativeTarget "UserInfo" */;
			buildPhases = (
				610767722105768800C4BFF6 /* Sources */,
				610767732105768800C4BFF6 /* Frameworks */,
				610767742105768800C4BFF6 /* Resources */,
			);
			buildRules = (
			);
			dependencies = (
			);
			name = UserInfo;
			productName = UserInfo;
			productReference = 610767762105768800C4BFF6 /* UserInfo.app */;
			productType = "com.apple.product-type.application";
		};
/* End PBXNativeTarget section */

/* Begin PBXProject section */
		6107676E2105768800C4BFF6 /* Project object */ = {
			isa = PBXProject;
			attributes = {
				LastUpgradeCheck = 0940;
				ORGANIZATIONNAME = "李方建";
				TargetAttributes = {
					610767752105768800C4BFF6 = {
						CreatedOnToolsVersion = 9.4.1;
					};
				};
			};
			buildConfigurationList = 610767712105768800C4BFF6 /* Build configuration list for PBXProject "UserInfo" */;
			compatibilityVersion = "Xcode 9.3";
			developmentRegion = en;
			hasScannedForEncodings = 0;
			knownRegions = (
				en,
				Base,
			);
			mainGroup = 6107676D2105768800C4BFF6;
			productRefGroup = 610767772105768800C4BFF6 /* Products */;
			projectDirPath = "";
			projectRoot = "";
			targets = (
				610767752105768800C4BFF6 /* UserInfo */,
			);
		};
/* End PBXProject section */

/* Begin PBXResourcesBuildPhase section */
		610767742105768800C4BFF6 /* Resources */ = {
			isa = PBXResourcesBuildPhase;
			buildActionMask = 2147483647;
			files = (
				610767862105768900C4BFF6 /* LaunchScreen.storyboard in Resources */,
				610767832105768900C4BFF6 /* Assets.xcassets in Resources */,
				610767812105768800C4BFF6 /* Main.storyboard in Resources */,
			);
			runOnlyForDeploymentPostprocessing = 0;
		};
/* End PBXResourcesBuildPhase section */

/* Begin PBXSourcesBuildPhase section */
		610767722105768800C4BFF6 /* Sources */ = {
			isa = PBXSourcesBuildPhase;
			buildActionMask = 2147483647;
			files = (
				6107687921099BC100C4BFF6 /* UIScrollView+WHScrollView.m in Sources */,
				6107686D21099BC100C4BFF6 /* WHMethods.m in Sources */,
				6107687C21099BC100C4BFF6 /* UIViewController+WHVC.m in Sources */,
				6107686F21099BC100C4BFF6 /* UIImageView+WHImageView.m in Sources */,
				6107687821099BC100C4BFF6 /* UIButton+WHButton.m in Sources */,
				6107687621099BC100C4BFF6 /* UINavigationController+WHNavigationController.m in Sources */,
				6107677E2105768800C4BFF6 /* ViewController.m in Sources */,
				6107687121099BC100C4BFF6 /* UIImage+WHImage.m in Sources */,
				610767892105768900C4BFF6 /* main.m in Sources */,
				6107687721099BC100C4BFF6 /* UITableView+WHTableView.m in Sources */,
				6107687A21099BC100C4BFF6 /* NSFileManager+WHFileManager.m in Sources */,
				6107686721099BC100C4BFF6 /* NSNumber+WHNumber.m in Sources */,
				610767942105AAF300C4BFF6 /* UserManager.m in Sources */,
				6107686B21099BC100C4BFF6 /* Foundation+Safe.m in Sources */,
				61076791210576B400C4BFF6 /* UserInfoManager.m in Sources */,
				6107687521099BC100C4BFF6 /* UIColor+WHColor.m in Sources */,
				6107687321099BC100C4BFF6 /* NSArray+WHArray.m in Sources */,
				6107686821099BC100C4BFF6 /* NSObject+WHObject.m in Sources */,
				6107687B21099BC100C4BFF6 /* NSTimer+WHTimer.m in Sources */,
				6107686E21099BC100C4BFF6 /* UIView+WHView.m in Sources */,
				6107686921099BC100C4BFF6 /* UIAlertController+WHAlert.m in Sources */,
				6107686521099BC100C4BFF6 /* CALayer+WHLayer.m in Sources */,
				6107687221099BC100C4BFF6 /* NSDate+WHDate.m in Sources */,
				6107686A21099BC100C4BFF6 /* UILabel+WHLabel.m in Sources */,
				6107686421099BC100C4BFF6 /* UIDevice+WHDevice.m in Sources */,
				6107686C21099BC100C4BFF6 /* NSDictionary+WHDictionary.m in Sources */,
				6107677B2105768800C4BFF6 /* AppDelegate.m in Sources */,
				6107687421099BC100C4BFF6 /* NSObject+WHRuntime.m in Sources */,
				6107687021099BC100C4BFF6 /* UIBarButtonItem+WHBarButtonItem.m in Sources */,
				6107686621099BC100C4BFF6 /* NSString+WHString.m in Sources */,
			);
			runOnlyForDeploymentPostprocessing = 0;
		};
/* End PBXSourcesBuildPhase section */

/* Begin PBXVariantGroup section */
		6107677F2105768800C4BFF6 /* Main.storyboard */ = {
			isa = PBXVariantGroup;
			children = (
				610767802105768800C4BFF6 /* Base */,
			);
			name = Main.storyboard;
			sourceTree = "<group>";
		};
		610767842105768900C4BFF6 /* LaunchScreen.storyboard */ = {
			isa = PBXVariantGroup;
			children = (
				610767852105768900C4BFF6 /* Base */,
			);
			name = LaunchScreen.storyboard;
			sourceTree = "<group>";
		};
/* End PBXVariantGroup section */

/* Begin XCBuildConfiguration section */
		6107678A2105768900C4BFF6 /* Debug */ = {
			isa = XCBuildConfiguration;
			buildSettings = {
				ALWAYS_SEARCH_USER_PATHS = NO;
				CLANG_ANALYZER_NONNULL = YES;
				CLANG_ANALYZER_NUMBER_OBJECT_CONVERSION = YES_AGGRESSIVE;
				CLANG_CXX_LANGUAGE_STANDARD = "gnu++14";
				CLANG_CXX_LIBRARY = "libc++";
				CLANG_ENABLE_MODULES = YES;
				CLANG_ENABLE_OBJC_ARC = YES;
				CLANG_ENABLE_OBJC_WEAK = YES;
				CLANG_WARN_BLOCK_CAPTURE_AUTORELEASING = YES;
				CLANG_WARN_BOOL_CONVERSION = YES;
				CLANG_WARN_COMMA = YES;
				CLANG_WARN_CONSTANT_CONVERSION = YES;
				CLANG_WARN_DEPRECATED_OBJC_IMPLEMENTATIONS = YES;
				CLANG_WARN_DIRECT_OBJC_ISA_USAGE = YES_ERROR;
				CLANG_WARN_DOCUMENTATION_COMMENTS = YES;
				CLANG_WARN_EMPTY_BODY = YES;
				CLANG_WARN_ENUM_CONVERSION = YES;
				CLANG_WARN_INFINITE_RECURSION = YES;
				CLANG_WARN_INT_CONVERSION = YES;
				CLANG_WARN_NON_LITERAL_NULL_CONVERSION = YES;
				CLANG_WARN_OBJC_IMPLICIT_RETAIN_SELF = YES;
				CLANG_WARN_OBJC_LITERAL_CONVERSION = YES;
				CLANG_WARN_OBJC_ROOT_CLASS = YES_ERROR;
				CLANG_WARN_RANGE_LOOP_ANALYSIS = YES;
				CLANG_WARN_STRICT_PROTOTYPES = YES;
				CLANG_WARN_SUSPICIOUS_MOVE = YES;
				CLANG_WARN_UNGUARDED_AVAILABILITY = YES_AGGRESSIVE;
				CLANG_WARN_UNREACHABLE_CODE = YES;
				CLANG_WARN__DUPLICATE_METHOD_MATCH = YES;
				CODE_SIGN_IDENTITY = "iPhone Developer";
				COPY_PHASE_STRIP = NO;
				DEBUG_INFORMATION_FORMAT = dwarf;
				ENABLE_STRICT_OBJC_MSGSEND = YES;
				ENABLE_TESTABILITY = YES;
				GCC_C_LANGUAGE_STANDARD = gnu11;
				GCC_DYNAMIC_NO_PIC = NO;
				GCC_NO_COMMON_BLOCKS = YES;
				GCC_OPTIMIZATION_LEVEL = 0;
				GCC_PREPROCESSOR_DEFINITIONS = (
					"DEBUG=1",
					"$(inherited)",
				);
				GCC_WARN_64_TO_32_BIT_CONVERSION = YES;
				GCC_WARN_ABOUT_RETURN_TYPE = YES_ERROR;
				GCC_WARN_UNDECLARED_SELECTOR = YES;
				GCC_WARN_UNINITIALIZED_AUTOS = YES_AGGRESSIVE;
				GCC_WARN_UNUSED_FUNCTION = YES;
				GCC_WARN_UNUSED_VARIABLE = YES;
				IPHONEOS_DEPLOYMENT_TARGET = 11.4;
				MTL_ENABLE_DEBUG_INFO = YES;
				ONLY_ACTIVE_ARCH = YES;
				SDKROOT = iphoneos;
			};
			name = Debug;
		};
		6107678B2105768900C4BFF6 /* Release */ = {
			isa = XCBuildConfiguration;
			buildSettings = {
				ALWAYS_SEARCH_USER_PATHS = NO;
				CLANG_ANALYZER_NONNULL = YES;
				CLANG_ANALYZER_NUMBER_OBJECT_CONVERSION = YES_AGGRESSIVE;
				CLANG_CXX_LANGUAGE_STANDARD = "gnu++14";
				CLANG_CXX_LIBRARY = "libc++";
				CLANG_ENABLE_MODULES = YES;
				CLANG_ENABLE_OBJC_ARC = YES;
				CLANG_ENABLE_OBJC_WEAK = YES;
				CLANG_WARN_BLOCK_CAPTURE_AUTORELEASING = YES;
				CLANG_WARN_BOOL_CONVERSION = YES;
				CLANG_WARN_COMMA = YES;
				CLANG_WARN_CONSTANT_CONVERSION = YES;
				CLANG_WARN_DEPRECATED_OBJC_IMPLEMENTATIONS = YES;
				CLANG_WARN_DIRECT_OBJC_ISA_USAGE = YES_ERROR;
				CLANG_WARN_DOCUMENTATION_COMMENTS = YES;
				CLANG_WARN_EMPTY_BODY = YES;
				CLANG_WARN_ENUM_CONVERSION = YES;
				CLANG_WARN_INFINITE_RECURSION = YES;
				CLANG_WARN_INT_CONVERSION = YES;
				CLANG_WARN_NON_LITERAL_NULL_CONVERSION = YES;
				CLANG_WARN_OBJC_IMPLICIT_RETAIN_SELF = YES;
				CLANG_WARN_OBJC_LITERAL_CONVERSION = YES;
				CLANG_WARN_OBJC_ROOT_CLASS = YES_ERROR;
				CLANG_WARN_RANGE_LOOP_ANALYSIS = YES;
				CLANG_WARN_STRICT_PROTOTYPES = YES;
				CLANG_WARN_SUSPICIOUS_MOVE = YES;
				CLANG_WARN_UNGUARDED_AVAILABILITY = YES_AGGRESSIVE;
				CLANG_WARN_UNREACHABLE_CODE = YES;
				CLANG_WARN__DUPLICATE_METHOD_MATCH = YES;
				CODE_SIGN_IDENTITY = "iPhone Developer";
				COPY_PHASE_STRIP = NO;
				DEBUG_INFORMATION_FORMAT = "dwarf-with-dsym";
				ENABLE_NS_ASSERTIONS = NO;
				ENABLE_STRICT_OBJC_MSGSEND = YES;
				GCC_C_LANGUAGE_STANDARD = gnu11;
				GCC_NO_COMMON_BLOCKS = YES;
				GCC_WARN_64_TO_32_BIT_CONVERSION = YES;
				GCC_WARN_ABOUT_RETURN_TYPE = YES_ERROR;
				GCC_WARN_UNDECLARED_SELECTOR = YES;
				GCC_WARN_UNINITIALIZED_AUTOS = YES_AGGRESSIVE;
				GCC_WARN_UNUSED_FUNCTION = YES;
				GCC_WARN_UNUSED_VARIABLE = YES;
				IPHONEOS_DEPLOYMENT_TARGET = 11.4;
				MTL_ENABLE_DEBUG_INFO = NO;
				SDKROOT = iphoneos;
				VALIDATE_PRODUCT = YES;
			};
			name = Release;
		};
		6107678D2105768900C4BFF6 /* Debug */ = {
			isa = XCBuildConfiguration;
			buildSettings = {
				ASSETCATALOG_COMPILER_APPICON_NAME = AppIcon;
				CODE_SIGN_STYLE = Automatic;
				DEVELOPMENT_TEAM = "";
				INFOPLIST_FILE = UserInfo/Info.plist;
				LD_RUNPATH_SEARCH_PATHS = (
					"$(inherited)",
					"@executable_path/Frameworks",
				);
				PRODUCT_BUNDLE_IDENTIFIER = steven.UserInfo;
				PRODUCT_NAME = "$(TARGET_NAME)";
				TARGETED_DEVICE_FAMILY = "1,2";
			};
			name = Debug;
		};
		6107678E2105768900C4BFF6 /* Release */ = {
			isa = XCBuildConfiguration;
			buildSettings = {
				ASSETCATALOG_COMPILER_APPICON_NAME = AppIcon;
				CODE_SIGN_STYLE = Automatic;
				DEVELOPMENT_TEAM = "";
				INFOPLIST_FILE = UserInfo/Info.plist;
				LD_RUNPATH_SEARCH_PATHS = (
					"$(inherited)",
					"@executable_path/Frameworks",
				);
				PRODUCT_BUNDLE_IDENTIFIER = steven.UserInfo;
				PRODUCT_NAME = "$(TARGET_NAME)";
				TARGETED_DEVICE_FAMILY = "1,2";
			};
			name = Release;
		};
/* End XCBuildConfiguration section */

/* Begin XCConfigurationList section */
		610767712105768800C4BFF6 /* Build configuration list for PBXProject "UserInfo" */ = {
			isa = XCConfigurationList;
			buildConfigurations = (
				6107678A2105768900C4BFF6 /* Debug */,
				6107678B2105768900C4BFF6 /* Release */,
			);
			defaultConfigurationIsVisible = 0;
			defaultConfigurationName = Release;
		};
		6107678C2105768900C4BFF6 /* Build configuration list for PBXNativeTarget "UserInfo" */ = {
			isa = XCConfigurationList;
			buildConfigurations = (
				6107678D2105768900C4BFF6 /* Debug */,
				6107678E2105768900C4BFF6 /* Release */,
			);
			defaultConfigurationIsVisible = 0;
			defaultConfigurationName = Release;
		};
/* End XCConfigurationList section */
	};
	rootObject = 6107676E2105768800C4BFF6 /* Project object */;
}
